
Microsoft Visual Studio Solution File, Format Version 12.00
# Visual Studio 15
VisualStudioVersion = 15.0.26430.6
MinimumVisualStudioVersion = 10.0.40219.1
Project("{8BC9CEB8-8B4A-11D0-8D11-00A0C91BC942}") = "asteroids", "asteroids.vcxproj", "{75F5E039-4313-4B9C-9815-A2BAD893A7CF}"
EndProject
Project("{8BC9CEB8-8B4A-11D0-8D11-00A0C91BC942}") = "glfw", "glfw.vcxproj", "{FD5B9A38-86EF-4EDE-A696-3C3D9D8CB904}"
EndProject
Project("{2150E333-8FDC-42A3-9474-1A3956D46DE8}") = "tests", "tests", "{47724549-93E5-4F87-8B62-0EC99BB16A2C}"
EndProject
Project("{8BC9CEB8-8B4A-11D0-8D11-00A0C91BC942}") = "graphics-test", "graphics-test.vcxproj", "{50C9246B-D8B3-46AA-86E6-2A5A6C5905A5}"
EndProject
Project("{8BC9CEB8-8B4A-11D0-8D11-00A0C91BC942}") = "catch", "catch.vcxproj", "{38D98953-074D-45C4-A9FD-A87D2C62E96B}"
EndProject
Global
	GlobalSection(SolutionConfigurationPlatforms) = preSolution
		Debug|x64 = Debug|x64
		Debug|x86 = Debug|x86
		Release|x64 = Release|x64
		Release|x86 = Release|x86
	EndGlobalSection
	GlobalSection(ProjectConfigurationPlatforms) = postSolution
		{75F5E039-4313-4B9C-9815-A2BAD893A7CF}.Debug|x64.ActiveCfg = Debug|x64
		{75F5E039-4313-4B9C-9815-A2BAD893A7CF}.Debug|x64.Build.0 = Debug|x64
		{75F5E039-4313-4B9C-9815-A2BAD893A7CF}.Debug|x86.ActiveCfg = Debug|Win32
		{75F5E039-4313-4B9C-9815-A2BAD893A7CF}.Debug|x86.Build.0 = Debug|Win32
		{75F5E039-4313-4B9C-9815-A2BAD893A7CF}.Release|x64.ActiveCfg = Release|x64
		{75F5E039-4313-4B9C-9815-A2BAD893A7CF}.Release|x64.Build.0 = Release|x64
		{75F5E039-4313-4B9C-9815-A2BAD893A7CF}.Release|x86.ActiveCfg = Release|Win32
		{75F5E039-4313-4B9C-9815-A2BAD893A7CF}.Release|x86.Build.0 = Release|Win32
		{FD5B9A38-86EF-4EDE-A696-3C3D9D8CB904}.Debug|x64.ActiveCfg = Debug|x64
		{FD5B9A38-86EF-4EDE-A696-3C3D9D8CB904}.Debug|x64.Build.0 = Debug|x64
		{FD5B9A38-86EF-4EDE-A696-3C3D9D8CB904}.Debug|x86.ActiveCfg = Debug|Win32
		{FD5B9A38-86EF-4EDE-A696-3C3D9D8CB904}.Debug|x86.Build.0 = Debug|Win32
		{FD5B9A38-86EF-4EDE-A696-3C3D9D8CB904}.Release|x64.ActiveCfg = Release|x64
		{FD5B9A38-86EF-4EDE-A696-3C3D9D8CB904}.Release|x64.Build.0 = Release|x64
		{FD5B9A38-86EF-4EDE-A696-3C3D9D8CB904}.Release|x86.ActiveCfg = Release|Win32
		{FD5B9A38-86EF-4EDE-A696-3C3D9D8CB904}.Release|x86.Build.0 = Release|Win32
		{50C9246B-D8B3-46AA-86E6-2A5A6C5905A5}.Debug|x64.ActiveCfg = Debug|x64
		{50C9246B-D8B3-46AA-86E6-2A5A6C5905A5}.Debug|x64.Build.0 = Debug|x64
		{50C9246B-D8B3-46AA-86E6-2A5A6C5905A5}.Debug|x86.ActiveCfg = Debug|Win32
		{50C9246B-D8B3-46AA-86E6-2A5A6C5905A5}.Debug|x86.Build.0 = Debug|Win32
		{50C9246B-D8B3-46AA-86E6-2A5A6C5905A5}.Release|x64.ActiveCfg = Release|x64
		{50C9246B-D8B3-46AA-86E6-2A5A6C5905A5}.Release|x64.Build.0 = Release|x64
		{50C9246B-D8B3-46AA-86E6-2A5A6C5905A5}.Release|x86.ActiveCfg = Release|Win32
		{50C9246B-D8B3-46AA-86E6-2A5A6C5905A5}.Release|x86.Build.0 = Release|Win32
		{38D98953-074D-45C4-A9FD-A87D2C62E96B}.Debug|x64.ActiveCfg = Debug|x64
		{38D98953-074D-45C4-A9FD-A87D2C62E96B}.Debug|x64.Build.0 = Debug|x64
		{38D98953-074D-45C4-A9FD-A87D2C62E96B}.Debug|x86.ActiveCfg = Debug|Win32
		{38D98953-074D-45C4-A9FD-A87D2C62E96B}.Debug|x86.Build.0 = Debug|Win32
		{38D98953-074D-45C4-A9FD-A87D2C62E96B}.Release|x64.ActiveCfg = Release|x64
		{38D98953-074D-45C4-A9FD-A87D2C62E96B}.Release|x64.Build.0 = Release|x64
		{38D98953-074D-45C4-A9FD-A87D2C62E96B}.Release|x86.ActiveCfg = Release|Win32
		{38D98953-074D-45C4-A9FD-A87D2C62E96B}.Release|x86.Build.0 = Release|Win32
	EndGlobalSection
	GlobalSection(SolutionProperties) = preSolution
		HideSolutionNode = FALSE
	EndGlobalSection
	GlobalSection(NestedProjects) = preSolution
		{50C9246B-D8B3-46AA-86E6-2A5A6C5905A5} = {47724549-93E5-4F87-8B62-0EC99BB16A2C}
		{38D98953-074D-45C4-A9FD-A87D2C62E96B} = {47724549-93E5-4F87-8B62-0EC99BB16A2C}
	EndGlobalSection
EndGlobal
