<?xml version="1.0" encoding="utf-8"?>
<Project ToolsVersion="4.0" xmlns="http://schemas.microsoft.com/developer/msbuild/2003">
  <ItemGroup>
    <Filter Include="include">
      <UniqueIdentifier>{e1a8ac5a-50dd-46ff-b562-cd5f9f77bf24}</UniqueIdentifier>
    </Filter>
    <Filter Include="include\graphics">
      <UniqueIdentifier>{a9cbc629-73c2-4aba-9ec8-54c2a733ae25}</UniqueIdentifier>
    </Filter>
    <Filter Include="d3d12">
      <UniqueIdentifier>{7cbc5aea-b0ac-4572-b6f1-fbddfb916d39}</UniqueIdentifier>
    </Filter>
    <Filter Include="vulkan">
      <UniqueIdentifier>{235ff3e9-9581-494c-b741-cdc601c9aada}</UniqueIdentifier>
    </Filter>
  </ItemGroup>
  <ItemGroup>
    <ClInclude Include="..\..\src\graphics\include\graphics\graphics.h">
      <Filter>include\graphics</Filter>
    </ClInclude>
    <ClInclude Include="..\..\src\graphics\d3d12\graphics-d3d12.h">
      <Filter>d3d12</Filter>
    </ClInclude>
    <ClInclude Include="..\..\src\graphics\d3d12\command-buffer-d3d12.h">
      <Filter>d3d12</Filter>
    </ClInclude>
    <ClInclude Include="..\..\src\graphics\vulkan\command-buffer-vulkan.h">
      <Filter>vulkan</Filter>
    </ClInclude>
    <ClInclude Include="..\..\src\graphics\vulkan\graphics-vulkan.h">
      <Filter>vulkan</Filter>
    </ClInclude>
    <ClInclude Include="..\..\src\graphics\vulkan\vulkan-debug.h">
      <Filter>vulkan</Filter>
    </ClInclude>
  </ItemGroup>
  <ItemGroup>
    <ClCompile Include="..\..\src\graphics\graphics.cpp" />
    <ClCompile Include="..\..\src\graphics\d3d12\graphics-d3d12.cpp">
      <Filter>d3d12</Filter>
    </ClCompile>
    <ClCompile Include="..\..\src\graphics\d3d12\command-buffer-d3d12.cpp">
      <Filter>d3d12</Filter>
    </ClCompile>
    <ClCompile Include="..\..\src\graphics\vulkan\command-buffer-vulkan.cpp">
      <Filter>vulkan</Filter>
    </ClCompile>
    <ClCompile Include="..\..\src\graphics\vulkan\graphics-vulkan.cpp">
      <Filter>vulkan</Filter>
    </ClCompile>
  </ItemGroup>
</Project>